
Microsoft Visual Studio Solution File, Format Version 12.00
# Visual Studio Version 17
VisualStudioVersion = 17.4.33205.214
MinimumVisualStudioVersion = 10.0.40219.1
Project("{FAE04EC0-301F-11D3-BF4B-00C04F79EFBC}") = "KTOHO4ETSTATMILLIONEROM", "KTOHO4ETSTATMILLIONEROM.csproj", "{917C3354-CFF8-4E86-AA52-82356E909004}"
EndProject
Global
	GlobalSection(SolutionConfigurationPlatforms) = preSolution
		Debug|Any CPU = Debug|Any CPU
		Release|Any CPU = Release|Any CPU
	EndGlobalSection
	GlobalSection(ProjectConfigurationPlatforms) = postSolution
		{917C3354-CFF8-4E86-AA52-82356E909004}.Debug|Any CPU.ActiveCfg = Debug|Any CPU
		{917C3354-CFF8-4E86-AA52-82356E909004}.Debug|Any CPU.Build.0 = Debug|Any CPU
		{917C3354-CFF8-4E86-AA52-82356E909004}.Release|Any CPU.ActiveCfg = Release|Any CPU
		{917C3354-CFF8-4E86-AA52-82356E909004}.Release|Any CPU.Build.0 = Release|Any CPU
	EndGlobalSection
	GlobalSection(SolutionProperties) = preSolution
		HideSolutionNode = FALSE
	EndGlobalSection
	GlobalSection(ExtensibilityGlobals) = postSolution
		SolutionGuid = {A898CE2D-EEB4-4281-A4AA-82BBB6560DCD}
	EndGlobalSection
EndGlobal
